
Microsoft Visual Studio Solution File, Format Version 12.00
# Visual Studio 15
VisualStudioVersion = 15.0.28307.539
MinimumVisualStudioVersion = 10.0.40219.1
Project("{FAE04EC0-301F-11D3-BF4B-00C04F79EFBC}") = "HSXT", "HSXT\HSXT.csproj", "{D4B4D9E9-B487-492F-B43C-5BB0EF5FBE84}"
EndProject
Global
	GlobalSection(SolutionConfigurationPlatforms) = preSolution
		Debug|Any CPU = Debug|Any CPU
		Release|Any CPU = Release|Any CPU
	EndGlobalSection
	GlobalSection(ProjectConfigurationPlatforms) = postSolution
		{D4B4D9E9-B487-492F-B43C-5BB0EF5FBE84}.Debug|Any CPU.ActiveCfg = Debug|Any CPU
		{D4B4D9E9-B487-492F-B43C-5BB0EF5FBE84}.Debug|Any CPU.Build.0 = Debug|Any CPU
		{D4B4D9E9-B487-492F-B43C-5BB0EF5FBE84}.Release|Any CPU.ActiveCfg = Release|Any CPU
		{D4B4D9E9-B487-492F-B43C-5BB0EF5FBE84}.Release|Any CPU.Build.0 = Release|Any CPU
	EndGlobalSection
	GlobalSection(SolutionProperties) = preSolution
		HideSolutionNode = FALSE
	EndGlobalSection
	GlobalSection(ExtensibilityGlobals) = postSolution
		SolutionGuid = {3E78CD18-A31B-4B8D-B385-FD35A33FA901}
	EndGlobalSection
EndGlobal
